
Microsoft Visual Studio Solution File, Format Version 12.00
# Visual Studio 14
VisualStudioVersion = 14.0.25420.1
MinimumVisualStudioVersion = 10.0.40219.1
Project("{FAE04EC0-301F-11D3-BF4B-00C04F79EFBC}") = "UniStart", "UniStart\UniStart.csproj", "{5A671BF0-459D-48E0-93AD-D2A9D2AD2002}"
EndProject
Project("{FAE04EC0-301F-11D3-BF4B-00C04F79EFBC}") = "UniStart.Models", "Unistart.Models\UniStart.Models.csproj", "{B171E0B3-EF30-4D7D-BDAA-476B2937F9B8}"
EndProject
Project("{FAE04EC0-301F-11D3-BF4B-00C04F79EFBC}") = "UniStart.Data", "UniStart.Data\UniStart.Data.csproj", "{3BD3FD65-DDF9-42FD-A063-844C52A77691}"
EndProject
Project("{2150E333-8FDC-42A3-9474-1A3956D46DE8}") = "Tests", "Tests", "{247AFFCE-BD42-41CF-96DB-4FF48DC870DA}"
EndProject
Project("{FAE04EC0-301F-11D3-BF4B-00C04F79EFBC}") = "UniStart.Unit.Tests", "UniStart.Unit.Tests\UniStart.Unit.Tests.csproj", "{DB609A41-FC1F-44AF-853A-60F1402A23C6}"
EndProject
Project("{FAE04EC0-301F-11D3-BF4B-00C04F79EFBC}") = "UniStart.Common", "UniStart.Common\UniStart.Common.csproj", "{D26F7ABD-A676-4E1A-A986-90B291B73C19}"
EndProject
Global
	GlobalSection(SolutionConfigurationPlatforms) = preSolution
		Debug|Any CPU = Debug|Any CPU
		Release|Any CPU = Release|Any CPU
	EndGlobalSection
	GlobalSection(ProjectConfigurationPlatforms) = postSolution
		{5A671BF0-459D-48E0-93AD-D2A9D2AD2002}.Debug|Any CPU.ActiveCfg = Debug|Any CPU
		{5A671BF0-459D-48E0-93AD-D2A9D2AD2002}.Debug|Any CPU.Build.0 = Debug|Any CPU
		{5A671BF0-459D-48E0-93AD-D2A9D2AD2002}.Release|Any CPU.ActiveCfg = Release|Any CPU
		{5A671BF0-459D-48E0-93AD-D2A9D2AD2002}.Release|Any CPU.Build.0 = Release|Any CPU
		{B171E0B3-EF30-4D7D-BDAA-476B2937F9B8}.Debug|Any CPU.ActiveCfg = Debug|Any CPU
		{B171E0B3-EF30-4D7D-BDAA-476B2937F9B8}.Debug|Any CPU.Build.0 = Debug|Any CPU
		{B171E0B3-EF30-4D7D-BDAA-476B2937F9B8}.Release|Any CPU.ActiveCfg = Release|Any CPU
		{B171E0B3-EF30-4D7D-BDAA-476B2937F9B8}.Release|Any CPU.Build.0 = Release|Any CPU
		{3BD3FD65-DDF9-42FD-A063-844C52A77691}.Debug|Any CPU.ActiveCfg = Debug|Any CPU
		{3BD3FD65-DDF9-42FD-A063-844C52A77691}.Debug|Any CPU.Build.0 = Debug|Any CPU
		{3BD3FD65-DDF9-42FD-A063-844C52A77691}.Release|Any CPU.ActiveCfg = Release|Any CPU
		{3BD3FD65-DDF9-42FD-A063-844C52A77691}.Release|Any CPU.Build.0 = Release|Any CPU
		{DB609A41-FC1F-44AF-853A-60F1402A23C6}.Debug|Any CPU.ActiveCfg = Debug|Any CPU
		{DB609A41-FC1F-44AF-853A-60F1402A23C6}.Debug|Any CPU.Build.0 = Debug|Any CPU
		{DB609A41-FC1F-44AF-853A-60F1402A23C6}.Release|Any CPU.ActiveCfg = Release|Any CPU
		{DB609A41-FC1F-44AF-853A-60F1402A23C6}.Release|Any CPU.Build.0 = Release|Any CPU
		{D26F7ABD-A676-4E1A-A986-90B291B73C19}.Debug|Any CPU.ActiveCfg = Debug|Any CPU
		{D26F7ABD-A676-4E1A-A986-90B291B73C19}.Debug|Any CPU.Build.0 = Debug|Any CPU
		{D26F7ABD-A676-4E1A-A986-90B291B73C19}.Release|Any CPU.ActiveCfg = Release|Any CPU
		{D26F7ABD-A676-4E1A-A986-90B291B73C19}.Release|Any CPU.Build.0 = Release|Any CPU
	EndGlobalSection
	GlobalSection(SolutionProperties) = preSolution
		HideSolutionNode = FALSE
	EndGlobalSection
	GlobalSection(NestedProjects) = preSolution
		{DB609A41-FC1F-44AF-853A-60F1402A23C6} = {247AFFCE-BD42-41CF-96DB-4FF48DC870DA}
	EndGlobalSection
EndGlobal
